
Microsoft Visual Studio Solution File, Format Version 12.00
# Visual Studio Version 17
VisualStudioVersion = 17.0.31912.275
MinimumVisualStudioVersion = 10.0.40219.1
Project("{FAE04EC0-301F-11D3-BF4B-00C04F79EFBC}") = "u20428155_HW3", "u20428155_HW3\u20428155_HW3.csproj", "{710C2140-6257-4F17-9E9A-5ECF8B201089}"
EndProject
Global
	GlobalSection(SolutionConfigurationPlatforms) = preSolution
		Debug|Any CPU = Debug|Any CPU
		Release|Any CPU = Release|Any CPU
	EndGlobalSection
	GlobalSection(ProjectConfigurationPlatforms) = postSolution
		{710C2140-6257-4F17-9E9A-5ECF8B201089}.Debug|Any CPU.ActiveCfg = Debug|Any CPU
		{710C2140-6257-4F17-9E9A-5ECF8B201089}.Debug|Any CPU.Build.0 = Debug|Any CPU
		{710C2140-6257-4F17-9E9A-5ECF8B201089}.Release|Any CPU.ActiveCfg = Release|Any CPU
		{710C2140-6257-4F17-9E9A-5ECF8B201089}.Release|Any CPU.Build.0 = Release|Any CPU
	EndGlobalSection
	GlobalSection(SolutionProperties) = preSolution
		HideSolutionNode = FALSE
	EndGlobalSection
	GlobalSection(ExtensibilityGlobals) = postSolution
		SolutionGuid = {7811B7F5-2D1D-404E-A971-AE9778562712}
	EndGlobalSection
EndGlobal
